// !$*UTF8*$!
{
	archiveVersion = 1;
	classes = {
	};
	objectVersion = 46;
	objects = {

/* Begin PBXBuildFile section */
		C90C8FB71F743081006087EF /* Chameleon.framework in Frameworks */ = {isa = PBXBuildFile; fileRef = C914C8311F741CFB00AA87B0 /* Chameleon.framework */; };
		C90C8FB81F743081006087EF /* Chameleon.framework in Embed Frameworks */ = {isa = PBXBuildFile; fileRef = C914C8311F741CFB00AA87B0 /* Chameleon.framework */; settings = {ATTRIBUTES = (CodeSignOnCopy, RemoveHeadersOnCopy, ); }; };
		C914C75A1F73656D00AA87B0 /* ParseQRCode.swift in Sources */ = {isa = PBXBuildFile; fileRef = C914C7591F73656D00AA87B0 /* ParseQRCode.swift */; };
		C914C75C1F73842600AA87B0 /* SuccesViewController.swift in Sources */ = {isa = PBXBuildFile; fileRef = C914C75B1F73842600AA87B0 /* SuccesViewController.swift */; };
		C914C7671F73896000AA87B0 /* FaveButton.swift in Sources */ = {isa = PBXBuildFile; fileRef = C914C75E1F73896000AA87B0 /* FaveButton.swift */; };
		C914C7681F73896000AA87B0 /* FaveIcon.swift in Sources */ = {isa = PBXBuildFile; fileRef = C914C75F1F73896000AA87B0 /* FaveIcon.swift */; };
		C914C7691F73896000AA87B0 /* Constraints+.swift in Sources */ = {isa = PBXBuildFile; fileRef = C914C7611F73896000AA87B0 /* Constraints+.swift */; };
		C914C76A1F73896000AA87B0 /* Easing.swift in Sources */ = {isa = PBXBuildFile; fileRef = C914C7621F73896000AA87B0 /* Easing.swift */; };
		C914C76B1F73896000AA87B0 /* Geometry.swift in Sources */ = {isa = PBXBuildFile; fileRef = C914C7631F73896000AA87B0 /* Geometry.swift */; };
		C914C76C1F73896000AA87B0 /* Init.swift in Sources */ = {isa = PBXBuildFile; fileRef = C914C7641F73896000AA87B0 /* Init.swift */; };
		C914C76D1F73896000AA87B0 /* Ring.swift in Sources */ = {isa = PBXBuildFile; fileRef = C914C7651F73896000AA87B0 /* Ring.swift */; };
		C914C76E1F73896000AA87B0 /* Spark.swift in Sources */ = {isa = PBXBuildFile; fileRef = C914C7661F73896000AA87B0 /* Spark.swift */; };
		C914C7721F73898500AA87B0 /* Info.plist in Resources */ = {isa = PBXBuildFile; fileRef = C914C7711F73898500AA87B0 /* Info.plist */; };
		C914C7741F7389B000AA87B0 /* Assets.xcassets in Resources */ = {isa = PBXBuildFile; fileRef = C914C7731F7389B000AA87B0 /* Assets.xcassets */; };
		C914C77A1F738A5600AA87B0 /* FavViewController.swift in Sources */ = {isa = PBXBuildFile; fileRef = C914C7791F738A5600AA87B0 /* FavViewController.swift */; };
		C914C77C1F738A7500AA87B0 /* FaveButton.framework in Frameworks */ = {isa = PBXBuildFile; fileRef = C914C77B1F738A7500AA87B0 /* FaveButton.framework */; };
		C914C77F1F738B7300AA87B0 /* FavMain.storyboard in Resources */ = {isa = PBXBuildFile; fileRef = C914C77E1F738B7300AA87B0 /* FavMain.storyboard */; };
		C914C7811F73952200AA87B0 /* FaveButton.framework in Frameworks */ = {isa = PBXBuildFile; fileRef = C914C77B1F738A7500AA87B0 /* FaveButton.framework */; };
		C914C7821F73952200AA87B0 /* FaveButton.framework in Embed Frameworks */ = {isa = PBXBuildFile; fileRef = C914C77B1F738A7500AA87B0 /* FaveButton.framework */; settings = {ATTRIBUTES = (CodeSignOnCopy, RemoveHeadersOnCopy, ); }; };
		C914C7A81F739CCE00AA87B0 /* YALSpringAnimation.m in Sources */ = {isa = PBXBuildFile; fileRef = C914C7891F739CCE00AA87B0 /* YALSpringAnimation.m */; };
		C914C7A91F739CCE00AA87B0 /* CAAnimation+YALTabBarViewAnimations.m in Sources */ = {isa = PBXBuildFile; fileRef = C914C78E1F739CCE00AA87B0 /* CAAnimation+YALTabBarViewAnimations.m */; };
		C914C7AA1F739CCE00AA87B0 /* CATransaction+TransactionWithAnimationsAndCompletion.m in Sources */ = {isa = PBXBuildFile; fileRef = C914C7921F739CCE00AA87B0 /* CATransaction+TransactionWithAnimationsAndCompletion.m */; };
		C914C7AB1F739CCE00AA87B0 /* YALAnimatingTabBarConstants.m in Sources */ = {isa = PBXBuildFile; fileRef = C914C7951F739CCE00AA87B0 /* YALAnimatingTabBarConstants.m */; };
		C914C7AC1F739CCE00AA87B0 /* YALFoldingTabBarController.m in Sources */ = {isa = PBXBuildFile; fileRef = C914C7991F739CCE00AA87B0 /* YALFoldingTabBarController.m */; };
		C914C7AD1F739CCE00AA87B0 /* YALTabBarItem.m in Sources */ = {isa = PBXBuildFile; fileRef = C914C79D1F739CCE00AA87B0 /* YALTabBarItem.m */; };
		C914C7AE1F739CCE00AA87B0 /* Info.plist in Resources */ = {isa = PBXBuildFile; fileRef = C914C7A01F739CCE00AA87B0 /* Info.plist */; };
		C914C7AF1F739CCE00AA87B0 /* YALCustomHeightTabBar.m in Sources */ = {isa = PBXBuildFile; fileRef = C914C7A41F739CCE00AA87B0 /* YALCustomHeightTabBar.m */; };
		C914C7B01F739CCE00AA87B0 /* YALFoldingTabBar.m in Sources */ = {isa = PBXBuildFile; fileRef = C914C7A71F739CCE00AA87B0 /* YALFoldingTabBar.m */; };
		C914C7B31F739D3400AA87B0 /* TabMain.storyboard in Resources */ = {isa = PBXBuildFile; fileRef = C914C7B21F739D3400AA87B0 /* TabMain.storyboard */; };
		C914C7B81F73A21600AA87B0 /* Code Pro LC.otf in Resources */ = {isa = PBXBuildFile; fileRef = C914C7B61F73A21600AA87B0 /* Code Pro LC.otf */; };
		C914C7B91F73A21600AA87B0 /* Proxima Nova Regular.otf in Resources */ = {isa = PBXBuildFile; fileRef = C914C7B71F73A21600AA87B0 /* Proxima Nova Regular.otf */; };
		C914C7BB1F73A58300AA87B0 /* LandingViewController.swift in Sources */ = {isa = PBXBuildFile; fileRef = C914C7BA1F73A58300AA87B0 /* LandingViewController.swift */; };
		C914C7D41F73A90400AA87B0 /* LTCharacterDiffResult.swift in Sources */ = {isa = PBXBuildFile; fileRef = C914C7BF1F73A90400AA87B0 /* LTCharacterDiffResult.swift */; };
		C914C7D51F73A90400AA87B0 /* LTCharacterLimbo.swift in Sources */ = {isa = PBXBuildFile; fileRef = C914C7C01F73A90400AA87B0 /* LTCharacterLimbo.swift */; };
		C914C7D61F73A90400AA87B0 /* LTEasing.swift in Sources */ = {isa = PBXBuildFile; fileRef = C914C7C11F73A90400AA87B0 /* LTEasing.swift */; };
		C914C7D71F73A90400AA87B0 /* LTEmitterView.swift in Sources */ = {isa = PBXBuildFile; fileRef = C914C7C21F73A90400AA87B0 /* LTEmitterView.swift */; };
		C914C7D81F73A90400AA87B0 /* LTMorphingEffect.swift in Sources */ = {isa = PBXBuildFile; fileRef = C914C7C31F73A90400AA87B0 /* LTMorphingEffect.swift */; };
		C914C7D91F73A90400AA87B0 /* LTMorphingLabel+Anvil.swift in Sources */ = {isa = PBXBuildFile; fileRef = C914C7C41F73A90400AA87B0 /* LTMorphingLabel+Anvil.swift */; };
		C914C7DA1F73A90400AA87B0 /* LTMorphingLabel+Burn.swift in Sources */ = {isa = PBXBuildFile; fileRef = C914C7C51F73A90400AA87B0 /* LTMorphingLabel+Burn.swift */; };
		C914C7DB1F73A90400AA87B0 /* LTMorphingLabel+Evaporate.swift in Sources */ = {isa = PBXBuildFile; fileRef = C914C7C61F73A90400AA87B0 /* LTMorphingLabel+Evaporate.swift */; };
		C914C7DC1F73A90400AA87B0 /* LTMorphingLabel+Fall.swift in Sources */ = {isa = PBXBuildFile; fileRef = C914C7C71F73A90400AA87B0 /* LTMorphingLabel+Fall.swift */; };
		C914C7DD1F73A90400AA87B0 /* LTMorphingLabel+Pixelate.swift in Sources */ = {isa = PBXBuildFile; fileRef = C914C7C81F73A90400AA87B0 /* LTMorphingLabel+Pixelate.swift */; };
		C914C7DE1F73A90400AA87B0 /* LTMorphingLabel+Sparkle.swift in Sources */ = {isa = PBXBuildFile; fileRef = C914C7C91F73A90400AA87B0 /* LTMorphingLabel+Sparkle.swift */; };
		C914C7DF1F73A90400AA87B0 /* LTMorphingLabel.swift in Sources */ = {isa = PBXBuildFile; fileRef = C914C7CB1F73A90400AA87B0 /* LTMorphingLabel.swift */; };
		C914C7E01F73A90400AA87B0 /* LTStringDiffResult.swift in Sources */ = {isa = PBXBuildFile; fileRef = C914C7CC1F73A90400AA87B0 /* LTStringDiffResult.swift */; };
		C914C7E11F73A90400AA87B0 /* Fire.png in Resources */ = {isa = PBXBuildFile; fileRef = C914C7CE1F73A90400AA87B0 /* Fire.png */; };
		C914C7E21F73A90400AA87B0 /* Fragment.png in Resources */ = {isa = PBXBuildFile; fileRef = C914C7CF1F73A90400AA87B0 /* Fragment.png */; };
		C914C7E31F73A90400AA87B0 /* Smoke.png in Resources */ = {isa = PBXBuildFile; fileRef = C914C7D01F73A90400AA87B0 /* Smoke.png */; };
		C914C7E41F73A90400AA87B0 /* Sparkle.png in Resources */ = {isa = PBXBuildFile; fileRef = C914C7D11F73A90400AA87B0 /* Sparkle.png */; };
		C914C7E51F73A90400AA87B0 /* tvOS-Info.plist in Resources */ = {isa = PBXBuildFile; fileRef = C914C7D21F73A90400AA87B0 /* tvOS-Info.plist */; };
		C914C80B1F73D6C400AA87B0 /* Gemalto (1).png in Resources */ = {isa = PBXBuildFile; fileRef = C914C80A1F73D6C400AA87B0 /* Gemalto (1).png */; };
		C914C82B1F73DA9A00AA87B0 /* GlitchLabel.swift in Sources */ = {isa = PBXBuildFile; fileRef = C914C82A1F73DA9A00AA87B0 /* GlitchLabel.swift */; };
		C914C82D1F7402F900AA87B0 /* qr-code.png in Resources */ = {isa = PBXBuildFile; fileRef = C914C82C1F7402F900AA87B0 /* qr-code.png */; };
		C914C8301F741B6500AA87B0 /* ColorSettings.swift in Sources */ = {isa = PBXBuildFile; fileRef = C914C82F1F741B6500AA87B0 /* ColorSettings.swift */; };
		F4973AB11A21DD6D00E2F44E /* AppDelegate.swift in Sources */ = {isa = PBXBuildFile; fileRef = F4973AB01A21DD6D00E2F44E /* AppDelegate.swift */; };
		F4973AB31A21DD6D00E2F44E /* ViewController.swift in Sources */ = {isa = PBXBuildFile; fileRef = F4973AB21A21DD6D00E2F44E /* ViewController.swift */; };
		F4973AB61A21DD6D00E2F44E /* Main.storyboard in Resources */ = {isa = PBXBuildFile; fileRef = F4973AB41A21DD6D00E2F44E /* Main.storyboard */; };
		F4973AB81A21DD6D00E2F44E /* Images.xcassets in Resources */ = {isa = PBXBuildFile; fileRef = F4973AB71A21DD6D00E2F44E /* Images.xcassets */; };
		F4973ABB1A21DD6D00E2F44E /* LaunchScreen.xib in Resources */ = {isa = PBXBuildFile; fileRef = F4973AB91A21DD6D00E2F44E /* LaunchScreen.xib */; };
		F4973AC71A21DD6E00E2F44E /* QRReaderDemoTests.swift in Sources */ = {isa = PBXBuildFile; fileRef = F4973AC61A21DD6E00E2F44E /* QRReaderDemoTests.swift */; };
/* End PBXBuildFile section */

/* Begin PBXContainerItemProxy section */
		F4973AC11A21DD6E00E2F44E /* PBXContainerItemProxy */ = {
			isa = PBXContainerItemProxy;
			containerPortal = F4973AA31A21DD6D00E2F44E /* Project object */;
			proxyType = 1;
			remoteGlobalIDString = F4973AAA1A21DD6D00E2F44E;
			remoteInfo = QRReaderDemo;
		};
/* End PBXContainerItemProxy section */

/* Begin PBXCopyFilesBuildPhase section */
		C914C7831F73952200AA87B0 /* Embed Frameworks */ = {
			isa = PBXCopyFilesBuildPhase;
			buildActionMask = 2147483647;
			dstPath = "";
			dstSubfolderSpec = 10;
			files = (
				C914C7821F73952200AA87B0 /* FaveButton.framework in Embed Frameworks */,
				C90C8FB81F743081006087EF /* Chameleon.framework in Embed Frameworks */,
			);
			name = "Embed Frameworks";
			runOnlyForDeploymentPostprocessing = 0;
		};
/* End PBXCopyFilesBuildPhase section */

/* Begin PBXFileReference section */
		C914C7591F73656D00AA87B0 /* ParseQRCode.swift */ = {isa = PBXFileReference; fileEncoding = 4; lastKnownFileType = sourcecode.swift; path = ParseQRCode.swift; sourceTree = "<group>"; };
		C914C75B1F73842600AA87B0 /* SuccesViewController.swift */ = {isa = PBXFileReference; fileEncoding = 4; lastKnownFileType = sourcecode.swift; name = SuccesViewController.swift; path = ../SuccesViewController.swift; sourceTree = "<group>"; };
		C914C75E1F73896000AA87B0 /* FaveButton.swift */ = {isa = PBXFileReference; fileEncoding = 4; lastKnownFileType = sourcecode.swift; path = FaveButton.swift; sourceTree = "<group>"; };
		C914C75F1F73896000AA87B0 /* FaveIcon.swift */ = {isa = PBXFileReference; fileEncoding = 4; lastKnownFileType = sourcecode.swift; path = FaveIcon.swift; sourceTree = "<group>"; };
		C914C7611F73896000AA87B0 /* Constraints+.swift */ = {isa = PBXFileReference; fileEncoding = 4; lastKnownFileType = sourcecode.swift; path = "Constraints+.swift"; sourceTree = "<group>"; };
		C914C7621F73896000AA87B0 /* Easing.swift */ = {isa = PBXFileReference; fileEncoding = 4; lastKnownFileType = sourcecode.swift; path = Easing.swift; sourceTree = "<group>"; };
		C914C7631F73896000AA87B0 /* Geometry.swift */ = {isa = PBXFileReference; fileEncoding = 4; lastKnownFileType = sourcecode.swift; path = Geometry.swift; sourceTree = "<group>"; };
		C914C7641F73896000AA87B0 /* Init.swift */ = {isa = PBXFileReference; fileEncoding = 4; lastKnownFileType = sourcecode.swift; path = Init.swift; sourceTree = "<group>"; };
		C914C7651F73896000AA87B0 /* Ring.swift */ = {isa = PBXFileReference; fileEncoding = 4; lastKnownFileType = sourcecode.swift; path = Ring.swift; sourceTree = "<group>"; };
		C914C7661F73896000AA87B0 /* Spark.swift */ = {isa = PBXFileReference; fileEncoding = 4; lastKnownFileType = sourcecode.swift; path = Spark.swift; sourceTree = "<group>"; };
		C914C7701F73898500AA87B0 /* FaveButton.h */ = {isa = PBXFileReference; fileEncoding = 4; lastKnownFileType = sourcecode.c.h; path = FaveButton.h; sourceTree = "<group>"; };
		C914C7711F73898500AA87B0 /* Info.plist */ = {isa = PBXFileReference; fileEncoding = 4; lastKnownFileType = text.plist.xml; path = Info.plist; sourceTree = "<group>"; };
		C914C7731F7389B000AA87B0 /* Assets.xcassets */ = {isa = PBXFileReference; lastKnownFileType = folder.assetcatalog; path = Assets.xcassets; sourceTree = "<group>"; };
		C914C7791F738A5600AA87B0 /* FavViewController.swift */ = {isa = PBXFileReference; fileEncoding = 4; lastKnownFileType = sourcecode.swift; path = FavViewController.swift; sourceTree = "<group>"; };
		C914C77B1F738A7500AA87B0 /* FaveButton.framework */ = {isa = PBXFileReference; lastKnownFileType = wrapper.framework; path = FaveButton.framework; sourceTree = "<group>"; };
		C914C77E1F738B7300AA87B0 /* FavMain.storyboard */ = {isa = PBXFileReference; fileEncoding = 4; lastKnownFileType = file.storyboard; path = FavMain.storyboard; sourceTree = "<group>"; };
		C914C7881F739CCE00AA87B0 /* YALSpringAnimation.h */ = {isa = PBXFileReference; fileEncoding = 4; lastKnownFileType = sourcecode.c.h; path = YALSpringAnimation.h; sourceTree = "<group>"; };
		C914C7891F739CCE00AA87B0 /* YALSpringAnimation.m */ = {isa = PBXFileReference; fileEncoding = 4; lastKnownFileType = sourcecode.c.objc; path = YALSpringAnimation.m; sourceTree = "<group>"; };
		C914C78D1F739CCE00AA87B0 /* CAAnimation+YALTabBarViewAnimations.h */ = {isa = PBXFileReference; fileEncoding = 4; lastKnownFileType = sourcecode.c.h; path = "CAAnimation+YALTabBarViewAnimations.h"; sourceTree = "<group>"; };
		C914C78E1F739CCE00AA87B0 /* CAAnimation+YALTabBarViewAnimations.m */ = {isa = PBXFileReference; fileEncoding = 4; lastKnownFileType = sourcecode.c.objc; path = "CAAnimation+YALTabBarViewAnimations.m"; sourceTree = "<group>"; };
		C914C7911F739CCE00AA87B0 /* CATransaction+TransactionWithAnimationsAndCompletion.h */ = {isa = PBXFileReference; fileEncoding = 4; lastKnownFileType = sourcecode.c.h; path = "CATransaction+TransactionWithAnimationsAndCompletion.h"; sourceTree = "<group>"; };
		C914C7921F739CCE00AA87B0 /* CATransaction+TransactionWithAnimationsAndCompletion.m */ = {isa = PBXFileReference; fileEncoding = 4; lastKnownFileType = sourcecode.c.objc; path = "CATransaction+TransactionWithAnimationsAndCompletion.m"; sourceTree = "<group>"; };
		C914C7941F739CCE00AA87B0 /* YALAnimatingTabBarConstants.h */ = {isa = PBXFileReference; fileEncoding = 4; lastKnownFileType = sourcecode.c.h; path = YALAnimatingTabBarConstants.h; sourceTree = "<group>"; };
		C914C7951F739CCE00AA87B0 /* YALAnimatingTabBarConstants.m */ = {isa = PBXFileReference; fileEncoding = 4; lastKnownFileType = sourcecode.c.objc; path = YALAnimatingTabBarConstants.m; sourceTree = "<group>"; };
		C914C7981F739CCE00AA87B0 /* YALFoldingTabBarController.h */ = {isa = PBXFileReference; fileEncoding = 4; lastKnownFileType = sourcecode.c.h; path = YALFoldingTabBarController.h; sourceTree = "<group>"; };
		C914C7991F739CCE00AA87B0 /* YALFoldingTabBarController.m */ = {isa = PBXFileReference; fileEncoding = 4; lastKnownFileType = sourcecode.c.objc; path = YALFoldingTabBarController.m; sourceTree = "<group>"; };
		C914C79C1F739CCE00AA87B0 /* YALTabBarItem.h */ = {isa = PBXFileReference; fileEncoding = 4; lastKnownFileType = sourcecode.c.h; path = YALTabBarItem.h; sourceTree = "<group>"; };
		C914C79D1F739CCE00AA87B0 /* YALTabBarItem.m */ = {isa = PBXFileReference; fileEncoding = 4; lastKnownFileType = sourcecode.c.objc; path = YALTabBarItem.m; sourceTree = "<group>"; };
		C914C79F1F739CCE00AA87B0 /* FoldingTabBar.h */ = {isa = PBXFileReference; fileEncoding = 4; lastKnownFileType = sourcecode.c.h; path = FoldingTabBar.h; sourceTree = "<group>"; };
		C914C7A01F739CCE00AA87B0 /* Info.plist */ = {isa = PBXFileReference; fileEncoding = 4; lastKnownFileType = text.plist.xml; path = Info.plist; sourceTree = "<group>"; };
		C914C7A31F739CCE00AA87B0 /* YALCustomHeightTabBar.h */ = {isa = PBXFileReference; fileEncoding = 4; lastKnownFileType = sourcecode.c.h; path = YALCustomHeightTabBar.h; sourceTree = "<group>"; };
		C914C7A41F739CCE00AA87B0 /* YALCustomHeightTabBar.m */ = {isa = PBXFileReference; fileEncoding = 4; lastKnownFileType = sourcecode.c.objc; path = YALCustomHeightTabBar.m; sourceTree = "<group>"; };
		C914C7A61F739CCE00AA87B0 /* YALFoldingTabBar.h */ = {isa = PBXFileReference; fileEncoding = 4; lastKnownFileType = sourcecode.c.h; path = YALFoldingTabBar.h; sourceTree = "<group>"; };
		C914C7A71F739CCE00AA87B0 /* YALFoldingTabBar.m */ = {isa = PBXFileReference; fileEncoding = 4; lastKnownFileType = sourcecode.c.objc; path = YALFoldingTabBar.m; sourceTree = "<group>"; };
		C914C7B11F739CF400AA87B0 /* QRReaderDemo-Bridging-Header.h */ = {isa = PBXFileReference; lastKnownFileType = sourcecode.c.h; path = "QRReaderDemo-Bridging-Header.h"; sourceTree = "<group>"; };
		C914C7B21F739D3400AA87B0 /* TabMain.storyboard */ = {isa = PBXFileReference; fileEncoding = 4; lastKnownFileType = file.storyboard; path = TabMain.storyboard; sourceTree = "<group>"; };
		C914C7B61F73A21600AA87B0 /* Code Pro LC.otf */ = {isa = PBXFileReference; lastKnownFileType = file; path = "Code Pro LC.otf"; sourceTree = "<group>"; };
		C914C7B71F73A21600AA87B0 /* Proxima Nova Regular.otf */ = {isa = PBXFileReference; lastKnownFileType = file; path = "Proxima Nova Regular.otf"; sourceTree = "<group>"; };
		C914C7BA1F73A58300AA87B0 /* LandingViewController.swift */ = {isa = PBXFileReference; fileEncoding = 4; lastKnownFileType = sourcecode.swift; path = LandingViewController.swift; sourceTree = "<group>"; };
		C914C7BF1F73A90400AA87B0 /* LTCharacterDiffResult.swift */ = {isa = PBXFileReference; fileEncoding = 4; lastKnownFileType = sourcecode.swift; path = LTCharacterDiffResult.swift; sourceTree = "<group>"; };
		C914C7C01F73A90400AA87B0 /* LTCharacterLimbo.swift */ = {isa = PBXFileReference; fileEncoding = 4; lastKnownFileType = sourcecode.swift; path = LTCharacterLimbo.swift; sourceTree = "<group>"; };
		C914C7C11F73A90400AA87B0 /* LTEasing.swift */ = {isa = PBXFileReference; fileEncoding = 4; lastKnownFileType = sourcecode.swift; path = LTEasing.swift; sourceTree = "<group>"; };
		C914C7C21F73A90400AA87B0 /* LTEmitterView.swift */ = {isa = PBXFileReference; fileEncoding = 4; lastKnownFileType = sourcecode.swift; path = LTEmitterView.swift; sourceTree = "<group>"; };
		C914C7C31F73A90400AA87B0 /* LTMorphingEffect.swift */ = {isa = PBXFileReference; fileEncoding = 4; lastKnownFileType = sourcecode.swift; path = LTMorphingEffect.swift; sourceTree = "<group>"; };
		C914C7C41F73A90400AA87B0 /* LTMorphingLabel+Anvil.swift */ = {isa = PBXFileReference; fileEncoding = 4; lastKnownFileType = sourcecode.swift; path = "LTMorphingLabel+Anvil.swift"; sourceTree = "<group>"; };
		C914C7C51F73A90400AA87B0 /* LTMorphingLabel+Burn.swift */ = {isa = PBXFileReference; fileEncoding = 4; lastKnownFileType = sourcecode.swift; path = "LTMorphingLabel+Burn.swift"; sourceTree = "<group>"; };
		C914C7C61F73A90400AA87B0 /* LTMorphingLabel+Evaporate.swift */ = {isa = PBXFileReference; fileEncoding = 4; lastKnownFileType = sourcecode.swift; path = "LTMorphingLabel+Evaporate.swift"; sourceTree = "<group>"; };
		C914C7C71F73A90400AA87B0 /* LTMorphingLabel+Fall.swift */ = {isa = PBXFileReference; fileEncoding = 4; lastKnownFileType = sourcecode.swift; path = "LTMorphingLabel+Fall.swift"; sourceTree = "<group>"; };
		C914C7C81F73A90400AA87B0 /* LTMorphingLabel+Pixelate.swift */ = {isa = PBXFileReference; fileEncoding = 4; lastKnownFileType = sourcecode.swift; path = "LTMorphingLabel+Pixelate.swift"; sourceTree = "<group>"; };
		C914C7C91F73A90400AA87B0 /* LTMorphingLabel+Sparkle.swift */ = {isa = PBXFileReference; fileEncoding = 4; lastKnownFileType = sourcecode.swift; path = "LTMorphingLabel+Sparkle.swift"; sourceTree = "<group>"; };
		C914C7CA1F73A90400AA87B0 /* LTMorphingLabel.h */ = {isa = PBXFileReference; fileEncoding = 4; lastKnownFileType = sourcecode.c.h; path = LTMorphingLabel.h; sourceTree = "<group>"; };
		C914C7CB1F73A90400AA87B0 /* LTMorphingLabel.swift */ = {isa = PBXFileReference; fileEncoding = 4; lastKnownFileType = sourcecode.swift; path = LTMorphingLabel.swift; sourceTree = "<group>"; };
		C914C7CC1F73A90400AA87B0 /* LTStringDiffResult.swift */ = {isa = PBXFileReference; fileEncoding = 4; lastKnownFileType = sourcecode.swift; path = LTStringDiffResult.swift; sourceTree = "<group>"; };
		C914C7CE1F73A90400AA87B0 /* Fire.png */ = {isa = PBXFileReference; lastKnownFileType = image.png; path = Fire.png; sourceTree = "<group>"; };
		C914C7CF1F73A90400AA87B0 /* Fragment.png */ = {isa = PBXFileReference; lastKnownFileType = image.png; path = Fragment.png; sourceTree = "<group>"; };
		C914C7D01F73A90400AA87B0 /* Smoke.png */ = {isa = PBXFileReference; lastKnownFileType = image.png; path = Smoke.png; sourceTree = "<group>"; };
		C914C7D11F73A90400AA87B0 /* Sparkle.png */ = {isa = PBXFileReference; lastKnownFileType = image.png; path = Sparkle.png; sourceTree = "<group>"; };
		C914C7D21F73A90400AA87B0 /* tvOS-Info.plist */ = {isa = PBXFileReference; fileEncoding = 4; lastKnownFileType = text.plist.xml; path = "tvOS-Info.plist"; sourceTree = "<group>"; };
		C914C80A1F73D6C400AA87B0 /* Gemalto (1).png */ = {isa = PBXFileReference; lastKnownFileType = image.png; path = "Gemalto (1).png"; sourceTree = "<group>"; };
		C914C82A1F73DA9A00AA87B0 /* GlitchLabel.swift */ = {isa = PBXFileReference; fileEncoding = 4; lastKnownFileType = sourcecode.swift; path = GlitchLabel.swift; sourceTree = "<group>"; };
		C914C82C1F7402F900AA87B0 /* qr-code.png */ = {isa = PBXFileReference; lastKnownFileType = image.png; name = "qr-code.png"; path = "Resources/qr-code.png"; sourceTree = "<group>"; };
		C914C82F1F741B6500AA87B0 /* ColorSettings.swift */ = {isa = PBXFileReference; fileEncoding = 4; lastKnownFileType = sourcecode.swift; path = ColorSettings.swift; sourceTree = "<group>"; };
		C914C8311F741CFB00AA87B0 /* Chameleon.framework */ = {isa = PBXFileReference; lastKnownFileType = wrapper.framework; path = Chameleon.framework; sourceTree = "<group>"; };
		F4973AAB1A21DD6D00E2F44E /* QRReaderDemo.app */ = {isa = PBXFileReference; explicitFileType = wrapper.application; includeInIndex = 0; path = QRReaderDemo.app; sourceTree = BUILT_PRODUCTS_DIR; };
		F4973AAF1A21DD6D00E2F44E /* Info.plist */ = {isa = PBXFileReference; lastKnownFileType = text.plist.xml; path = Info.plist; sourceTree = "<group>"; };
		F4973AB01A21DD6D00E2F44E /* AppDelegate.swift */ = {isa = PBXFileReference; lastKnownFileType = sourcecode.swift; path = AppDelegate.swift; sourceTree = "<group>"; };
		F4973AB21A21DD6D00E2F44E /* ViewController.swift */ = {isa = PBXFileReference; lastKnownFileType = sourcecode.swift; path = ViewController.swift; sourceTree = "<group>"; };
		F4973AB51A21DD6D00E2F44E /* Base */ = {isa = PBXFileReference; lastKnownFileType = file.storyboard; name = Base; path = Base.lproj/Main.storyboard; sourceTree = "<group>"; };
		F4973AB71A21DD6D00E2F44E /* Images.xcassets */ = {isa = PBXFileReference; lastKnownFileType = folder.assetcatalog; path = Images.xcassets; sourceTree = "<group>"; };
		F4973ABA1A21DD6D00E2F44E /* Base */ = {isa = PBXFileReference; lastKnownFileType = file.xib; name = Base; path = Base.lproj/LaunchScreen.xib; sourceTree = "<group>"; };
		F4973AC01A21DD6E00E2F44E /* QRReaderDemoTests.xctest */ = {isa = PBXFileReference; explicitFileType = wrapper.cfbundle; includeInIndex = 0; path = QRReaderDemoTests.xctest; sourceTree = BUILT_PRODUCTS_DIR; };
		F4973AC51A21DD6E00E2F44E /* Info.plist */ = {isa = PBXFileReference; lastKnownFileType = text.plist.xml; path = Info.plist; sourceTree = "<group>"; };
		F4973AC61A21DD6E00E2F44E /* QRReaderDemoTests.swift */ = {isa = PBXFileReference; lastKnownFileType = sourcecode.swift; path = QRReaderDemoTests.swift; sourceTree = "<group>"; };
/* End PBXFileReference section */

/* Begin PBXFrameworksBuildPhase section */
		F4973AA81A21DD6D00E2F44E /* Frameworks */ = {
			isa = PBXFrameworksBuildPhase;
			buildActionMask = 2147483647;
			files = (
				C914C7811F73952200AA87B0 /* FaveButton.framework in Frameworks */,
				C90C8FB71F743081006087EF /* Chameleon.framework in Frameworks */,
			);
			runOnlyForDeploymentPostprocessing = 0;
		};
		F4973ABD1A21DD6E00E2F44E /* Frameworks */ = {
			isa = PBXFrameworksBuildPhase;
			buildActionMask = 2147483647;
			files = (
				C914C77C1F738A7500AA87B0 /* FaveButton.framework in Frameworks */,
			);
			runOnlyForDeploymentPostprocessing = 0;
		};
/* End PBXFrameworksBuildPhase section */

/* Begin PBXGroup section */
		C914C75D1F73896000AA87B0 /* Source */ = {
			isa = PBXGroup;
			children = (
				C914C75E1F73896000AA87B0 /* FaveButton.swift */,
				C914C75F1F73896000AA87B0 /* FaveIcon.swift */,
				C914C7601F73896000AA87B0 /* Helpers */,
				C914C7651F73896000AA87B0 /* Ring.swift */,
				C914C7661F73896000AA87B0 /* Spark.swift */,
			);
			path = Source;
			sourceTree = "<group>";
		};
		C914C7601F73896000AA87B0 /* Helpers */ = {
			isa = PBXGroup;
			children = (
				C914C7611F73896000AA87B0 /* Constraints+.swift */,
				C914C7621F73896000AA87B0 /* Easing.swift */,
				C914C7631F73896000AA87B0 /* Geometry.swift */,
				C914C7641F73896000AA87B0 /* Init.swift */,
			);
			path = Helpers;
			sourceTree = "<group>";
		};
		C914C76F1F73898500AA87B0 /* FaveButton */ = {
			isa = PBXGroup;
			children = (
				C914C77E1F738B7300AA87B0 /* FavMain.storyboard */,
				C914C7791F738A5600AA87B0 /* FavViewController.swift */,
				C914C7701F73898500AA87B0 /* FaveButton.h */,
				C914C7711F73898500AA87B0 /* Info.plist */,
			);
			path = FaveButton;
			sourceTree = "<group>";
		};
		C914C7841F739BB100AA87B0 /* TabView */ = {
			isa = PBXGroup;
			children = (
				C914C7B21F739D3400AA87B0 /* TabMain.storyboard */,
			);
			name = TabView;
			sourceTree = "<group>";
		};
		C914C7851F739CCE00AA87B0 /* FoldingTabBar */ = {
			isa = PBXGroup;
			children = (
				C914C7861F739CCE00AA87B0 /* Animation */,
				C914C78A1F739CCE00AA87B0 /* Category */,
				C914C7931F739CCE00AA87B0 /* Constants */,
				C914C7961F739CCE00AA87B0 /* Controller */,
				C914C79A1F739CCE00AA87B0 /* Model */,
				C914C79E1F739CCE00AA87B0 /* Resources */,
				C914C7A11F739CCE00AA87B0 /* View */,
			);
			path = FoldingTabBar;
			sourceTree = "<group>";
		};
		C914C7861F739CCE00AA87B0 /* Animation */ = {
			isa = PBXGroup;
			children = (
				C914C7871F739CCE00AA87B0 /* YALSpringAnimation */,
			);
			path = Animation;
			sourceTree = "<group>";
		};
		C914C7871F739CCE00AA87B0 /* YALSpringAnimation */ = {
			isa = PBXGroup;
			children = (
				C914C7881F739CCE00AA87B0 /* YALSpringAnimation.h */,
				C914C7891F739CCE00AA87B0 /* YALSpringAnimation.m */,
			);
			path = YALSpringAnimation;
			sourceTree = "<group>";
		};
		C914C78A1F739CCE00AA87B0 /* Category */ = {
			isa = PBXGroup;
			children = (
				C914C78B1F739CCE00AA87B0 /* CAAnimation */,
				C914C78F1F739CCE00AA87B0 /* CATransaction */,
			);
			path = Category;
			sourceTree = "<group>";
		};
		C914C78B1F739CCE00AA87B0 /* CAAnimation */ = {
			isa = PBXGroup;
			children = (
				C914C78C1F739CCE00AA87B0 /* CAAnimation+YALTabBarViewAnimations */,
			);
			path = CAAnimation;
			sourceTree = "<group>";
		};
		C914C78C1F739CCE00AA87B0 /* CAAnimation+YALTabBarViewAnimations */ = {
			isa = PBXGroup;
			children = (
				C914C78D1F739CCE00AA87B0 /* CAAnimation+YALTabBarViewAnimations.h */,
				C914C78E1F739CCE00AA87B0 /* CAAnimation+YALTabBarViewAnimations.m */,
			);
			path = "CAAnimation+YALTabBarViewAnimations";
			sourceTree = "<group>";
		};
		C914C78F1F739CCE00AA87B0 /* CATransaction */ = {
			isa = PBXGroup;
			children = (
				C914C7901F739CCE00AA87B0 /* CATransaction+TransactionWithAnimationsAndCompletion */,
			);
			path = CATransaction;
			sourceTree = "<group>";
		};
		C914C7901F739CCE00AA87B0 /* CATransaction+TransactionWithAnimationsAndCompletion */ = {
			isa = PBXGroup;
			children = (
				C914C7911F739CCE00AA87B0 /* CATransaction+TransactionWithAnimationsAndCompletion.h */,
				C914C7921F739CCE00AA87B0 /* CATransaction+TransactionWithAnimationsAndCompletion.m */,
			);
			path = "CATransaction+TransactionWithAnimationsAndCompletion";
			sourceTree = "<group>";
		};
		C914C7931F739CCE00AA87B0 /* Constants */ = {
			isa = PBXGroup;
			children = (
				C914C7941F739CCE00AA87B0 /* YALAnimatingTabBarConstants.h */,
				C914C7951F739CCE00AA87B0 /* YALAnimatingTabBarConstants.m */,
			);
			path = Constants;
			sourceTree = "<group>";
		};
		C914C7961F739CCE00AA87B0 /* Controller */ = {
			isa = PBXGroup;
			children = (
				C914C7971F739CCE00AA87B0 /* FoldingTabBarController */,
			);
			path = Controller;
			sourceTree = "<group>";
		};
		C914C7971F739CCE00AA87B0 /* FoldingTabBarController */ = {
			isa = PBXGroup;
			children = (
				C914C7981F739CCE00AA87B0 /* YALFoldingTabBarController.h */,
				C914C7991F739CCE00AA87B0 /* YALFoldingTabBarController.m */,
			);
			path = FoldingTabBarController;
			sourceTree = "<group>";
		};
		C914C79A1F739CCE00AA87B0 /* Model */ = {
			isa = PBXGroup;
			children = (
				C914C79B1F739CCE00AA87B0 /* TabBarItem */,
			);
			path = Model;
			sourceTree = "<group>";
		};
		C914C79B1F739CCE00AA87B0 /* TabBarItem */ = {
			isa = PBXGroup;
			children = (
				C914C79C1F739CCE00AA87B0 /* YALTabBarItem.h */,
				C914C79D1F739CCE00AA87B0 /* YALTabBarItem.m */,
			);
			path = TabBarItem;
			sourceTree = "<group>";
		};
		C914C79E1F739CCE00AA87B0 /* Resources */ = {
			isa = PBXGroup;
			children = (
				C914C79F1F739CCE00AA87B0 /* FoldingTabBar.h */,
				C914C7A01F739CCE00AA87B0 /* Info.plist */,
			);
			path = Resources;
			sourceTree = "<group>";
		};
		C914C7A11F739CCE00AA87B0 /* View */ = {
			isa = PBXGroup;
			children = (
				C914C7A21F739CCE00AA87B0 /* CustomHeightTabBar */,
				C914C7A51F739CCE00AA87B0 /* FoldingTabBar */,
			);
			path = View;
			sourceTree = "<group>";
		};
		C914C7A21F739CCE00AA87B0 /* CustomHeightTabBar */ = {
			isa = PBXGroup;
			children = (
				C914C7A31F739CCE00AA87B0 /* YALCustomHeightTabBar.h */,
				C914C7A41F739CCE00AA87B0 /* YALCustomHeightTabBar.m */,
			);
			path = CustomHeightTabBar;
			sourceTree = "<group>";
		};
		C914C7A51F739CCE00AA87B0 /* FoldingTabBar */ = {
			isa = PBXGroup;
			children = (
				C914C7A61F739CCE00AA87B0 /* YALFoldingTabBar.h */,
				C914C7A71F739CCE00AA87B0 /* YALFoldingTabBar.m */,
			);
			path = FoldingTabBar;
			sourceTree = "<group>";
		};
		C914C7B41F73A21600AA87B0 /* Resources */ = {
			isa = PBXGroup;
			children = (
				C914C7B51F73A21600AA87B0 /* Font */,
			);
			path = Resources;
			sourceTree = "<group>";
		};
		C914C7B51F73A21600AA87B0 /* Font */ = {
			isa = PBXGroup;
			children = (
				C914C7B61F73A21600AA87B0 /* Code Pro LC.otf */,
				C914C7B71F73A21600AA87B0 /* Proxima Nova Regular.otf */,
			);
			path = Font;
			sourceTree = "<group>";
		};
		C914C7BC1F73A8F700AA87B0 /* New Group */ = {
			isa = PBXGroup;
			children = (
			);
			name = "New Group";
			sourceTree = "<group>";
		};
		C914C7BD1F73A90400AA87B0 /* LTMorphingLabel */ = {
			isa = PBXGroup;
			children = (
				C914C7BF1F73A90400AA87B0 /* LTCharacterDiffResult.swift */,
				C914C7C01F73A90400AA87B0 /* LTCharacterLimbo.swift */,
				C914C7C11F73A90400AA87B0 /* LTEasing.swift */,
				C914C7C21F73A90400AA87B0 /* LTEmitterView.swift */,
				C914C7C31F73A90400AA87B0 /* LTMorphingEffect.swift */,
				C914C7C41F73A90400AA87B0 /* LTMorphingLabel+Anvil.swift */,
				C914C7C51F73A90400AA87B0 /* LTMorphingLabel+Burn.swift */,
				C914C7C61F73A90400AA87B0 /* LTMorphingLabel+Evaporate.swift */,
				C914C7C71F73A90400AA87B0 /* LTMorphingLabel+Fall.swift */,
				C914C7C81F73A90400AA87B0 /* LTMorphingLabel+Pixelate.swift */,
				C914C7C91F73A90400AA87B0 /* LTMorphingLabel+Sparkle.swift */,
				C914C7CA1F73A90400AA87B0 /* LTMorphingLabel.h */,
				C914C7CB1F73A90400AA87B0 /* LTMorphingLabel.swift */,
				C914C7CC1F73A90400AA87B0 /* LTStringDiffResult.swift */,
				C914C7CD1F73A90400AA87B0 /* Particles */,
				C914C7D21F73A90400AA87B0 /* tvOS-Info.plist */,
			);
			path = LTMorphingLabel;
			sourceTree = "<group>";
		};
		C914C7CD1F73A90400AA87B0 /* Particles */ = {
			isa = PBXGroup;
			children = (
				C914C7CE1F73A90400AA87B0 /* Fire.png */,
				C914C7CF1F73A90400AA87B0 /* Fragment.png */,
				C914C7D01F73A90400AA87B0 /* Smoke.png */,
				C914C7D11F73A90400AA87B0 /* Sparkle.png */,
			);
			path = Particles;
			sourceTree = "<group>";
		};
		C914C81B1F73DA8200AA87B0 /* GlitchLabel */ = {
			isa = PBXGroup;
			children = (
				C914C82A1F73DA9A00AA87B0 /* GlitchLabel.swift */,
			);
			path = GlitchLabel;
			sourceTree = "<group>";
		};
		C914C82E1F741B4700AA87B0 /* colorTheme */ = {
			isa = PBXGroup;
			children = (
				C914C8311F741CFB00AA87B0 /* Chameleon.framework */,
				C914C82F1F741B6500AA87B0 /* ColorSettings.swift */,
			);
			name = colorTheme;
			sourceTree = "<group>";
		};
		F4973AA21A21DD6D00E2F44E = {
			isa = PBXGroup;
			children = (
				C914C82E1F741B4700AA87B0 /* colorTheme */,
				C914C82C1F7402F900AA87B0 /* qr-code.png */,
				C914C81B1F73DA8200AA87B0 /* GlitchLabel */,
				C914C7BD1F73A90400AA87B0 /* LTMorphingLabel */,
				C914C7BC1F73A8F700AA87B0 /* New Group */,
				C914C7BA1F73A58300AA87B0 /* LandingViewController.swift */,
				C914C7B11F739CF400AA87B0 /* QRReaderDemo-Bridging-Header.h */,
				C914C7B41F73A21600AA87B0 /* Resources */,
				C914C7851F739CCE00AA87B0 /* FoldingTabBar */,
				C914C7841F739BB100AA87B0 /* TabView */,
				C914C76F1F73898500AA87B0 /* FaveButton */,
				C914C75D1F73896000AA87B0 /* Source */,
				F4973AAD1A21DD6D00E2F44E /* QRReaderDemo */,
				F4973AC31A21DD6E00E2F44E /* QRReaderDemoTests */,
				F4973AAC1A21DD6D00E2F44E /* Products */,
			);
			sourceTree = "<group>";
		};
		F4973AAC1A21DD6D00E2F44E /* Products */ = {
			isa = PBXGroup;
			children = (
				F4973AAB1A21DD6D00E2F44E /* QRReaderDemo.app */,
				F4973AC01A21DD6E00E2F44E /* QRReaderDemoTests.xctest */,
			);
			name = Products;
			sourceTree = "<group>";
		};
		F4973AAD1A21DD6D00E2F44E /* QRReaderDemo */ = {
			isa = PBXGroup;
			children = (
				C914C7731F7389B000AA87B0 /* Assets.xcassets */,
				F4973AB01A21DD6D00E2F44E /* AppDelegate.swift */,
				C914C75B1F73842600AA87B0 /* SuccesViewController.swift */,
				F4973AB21A21DD6D00E2F44E /* ViewController.swift */,
				F4973AB41A21DD6D00E2F44E /* Main.storyboard */,
				F4973AB71A21DD6D00E2F44E /* Images.xcassets */,
				C914C80A1F73D6C400AA87B0 /* Gemalto (1).png */,
				F4973AB91A21DD6D00E2F44E /* LaunchScreen.xib */,
				F4973AAE1A21DD6D00E2F44E /* Supporting Files */,
				C914C7591F73656D00AA87B0 /* ParseQRCode.swift */,
			);
			path = QRReaderDemo;
			sourceTree = "<group>";
		};
		F4973AAE1A21DD6D00E2F44E /* Supporting Files */ = {
			isa = PBXGroup;
			children = (
				F4973AAF1A21DD6D00E2F44E /* Info.plist */,
			);
			name = "Supporting Files";
			sourceTree = "<group>";
		};
		F4973AC31A21DD6E00E2F44E /* QRReaderDemoTests */ = {
			isa = PBXGroup;
			children = (
				F4973AC61A21DD6E00E2F44E /* QRReaderDemoTests.swift */,
				F4973AC41A21DD6E00E2F44E /* Supporting Files */,
			);
			path = QRReaderDemoTests;
			sourceTree = "<group>";
		};
		F4973AC41A21DD6E00E2F44E /* Supporting Files */ = {
			isa = PBXGroup;
			children = (
				C914C77B1F738A7500AA87B0 /* FaveButton.framework */,
				F4973AC51A21DD6E00E2F44E /* Info.plist */,
			);
			name = "Supporting Files";
			sourceTree = "<group>";
		};
/* End PBXGroup section */

/* Begin PBXNativeTarget section */
		F4973AAA1A21DD6D00E2F44E /* QRReaderDemo */ = {
			isa = PBXNativeTarget;
			buildConfigurationList = F4973ACA1A21DD6E00E2F44E /* Build configuration list for PBXNativeTarget "QRReaderDemo" */;
			buildPhases = (
				F4973AA71A21DD6D00E2F44E /* Sources */,
				F4973AA81A21DD6D00E2F44E /* Frameworks */,
				F4973AA91A21DD6D00E2F44E /* Resources */,
				C914C7831F73952200AA87B0 /* Embed Frameworks */,
			);
			buildRules = (
			);
			dependencies = (
			);
			name = QRReaderDemo;
			productName = QRReaderDemo;
			productReference = F4973AAB1A21DD6D00E2F44E /* QRReaderDemo.app */;
			productType = "com.apple.product-type.application";
		};
		F4973ABF1A21DD6E00E2F44E /* QRReaderDemoTests */ = {
			isa = PBXNativeTarget;
			buildConfigurationList = F4973ACD1A21DD6E00E2F44E /* Build configuration list for PBXNativeTarget "QRReaderDemoTests" */;
			buildPhases = (
				F4973ABC1A21DD6E00E2F44E /* Sources */,
				F4973ABD1A21DD6E00E2F44E /* Frameworks */,
				F4973ABE1A21DD6E00E2F44E /* Resources */,
			);
			buildRules = (
			);
			dependencies = (
				F4973AC21A21DD6E00E2F44E /* PBXTargetDependency */,
			);
			name = QRReaderDemoTests;
			productName = QRReaderDemoTests;
			productReference = F4973AC01A21DD6E00E2F44E /* QRReaderDemoTests.xctest */;
			productType = "com.apple.product-type.bundle.unit-test";
		};
/* End PBXNativeTarget section */

/* Begin PBXProject section */
		F4973AA31A21DD6D00E2F44E /* Project object */ = {
			isa = PBXProject;
			attributes = {
				LastSwiftUpdateCheck = 0700;
				LastUpgradeCheck = 0700;
				ORGANIZATIONNAME = AppCoda;
				TargetAttributes = {
					F4973AAA1A21DD6D00E2F44E = {
						CreatedOnToolsVersion = 6.1;
						DevelopmentTeam = 5AW47F9A3P;
						LastSwiftMigration = 0830;
					};
					F4973ABF1A21DD6E00E2F44E = {
						CreatedOnToolsVersion = 6.1;
						LastSwiftMigration = 0830;
						TestTargetID = F4973AAA1A21DD6D00E2F44E;
					};
				};
			};
			buildConfigurationList = F4973AA61A21DD6D00E2F44E /* Build configuration list for PBXProject "QRReaderDemo" */;
			compatibilityVersion = "Xcode 3.2";
			developmentRegion = English;
			hasScannedForEncodings = 0;
			knownRegions = (
				en,
				Base,
			);
			mainGroup = F4973AA21A21DD6D00E2F44E;
			productRefGroup = F4973AAC1A21DD6D00E2F44E /* Products */;
			projectDirPath = "";
			projectRoot = "";
			targets = (
				F4973AAA1A21DD6D00E2F44E /* QRReaderDemo */,
				F4973ABF1A21DD6E00E2F44E /* QRReaderDemoTests */,
			);
		};
/* End PBXProject section */

/* Begin PBXResourcesBuildPhase section */
		F4973AA91A21DD6D00E2F44E /* Resources */ = {
			isa = PBXResourcesBuildPhase;
			buildActionMask = 2147483647;
			files = (
				C914C7E51F73A90400AA87B0 /* tvOS-Info.plist in Resources */,
				C914C7E31F73A90400AA87B0 /* Smoke.png in Resources */,
				C914C7B91F73A21600AA87B0 /* Proxima Nova Regular.otf in Resources */,
				C914C7721F73898500AA87B0 /* Info.plist in Resources */,
				C914C7B81F73A21600AA87B0 /* Code Pro LC.otf in Resources */,
				F4973AB61A21DD6D00E2F44E /* Main.storyboard in Resources */,
				C914C7AE1F739CCE00AA87B0 /* Info.plist in Resources */,
				C914C7B31F739D3400AA87B0 /* TabMain.storyboard in Resources */,
				C914C7E11F73A90400AA87B0 /* Fire.png in Resources */,
				C914C82D1F7402F900AA87B0 /* qr-code.png in Resources */,
				C914C7E21F73A90400AA87B0 /* Fragment.png in Resources */,
				C914C80B1F73D6C400AA87B0 /* Gemalto (1).png in Resources */,
				F4973ABB1A21DD6D00E2F44E /* LaunchScreen.xib in Resources */,
				F4973AB81A21DD6D00E2F44E /* Images.xcassets in Resources */,
				C914C7E41F73A90400AA87B0 /* Sparkle.png in Resources */,
				C914C7741F7389B000AA87B0 /* Assets.xcassets in Resources */,
			);
			runOnlyForDeploymentPostprocessing = 0;
		};
		F4973ABE1A21DD6E00E2F44E /* Resources */ = {
			isa = PBXResourcesBuildPhase;
			buildActionMask = 2147483647;
			files = (
				C914C77F1F738B7300AA87B0 /* FavMain.storyboard in Resources */,
			);
			runOnlyForDeploymentPostprocessing = 0;
		};
/* End PBXResourcesBuildPhase section */

/* Begin PBXSourcesBuildPhase section */
		F4973AA71A21DD6D00E2F44E /* Sources */ = {
			isa = PBXSourcesBuildPhase;
			buildActionMask = 2147483647;
			files = (
				C914C7AC1F739CCE00AA87B0 /* YALFoldingTabBarController.m in Sources */,
				C914C7DC1F73A90400AA87B0 /* LTMorphingLabel+Fall.swift in Sources */,
				C914C7A81F739CCE00AA87B0 /* YALSpringAnimation.m in Sources */,
				C914C7BB1F73A58300AA87B0 /* LandingViewController.swift in Sources */,
				C914C7DD1F73A90400AA87B0 /* LTMorphingLabel+Pixelate.swift in Sources */,
				C914C7D91F73A90400AA87B0 /* LTMorphingLabel+Anvil.swift in Sources */,
				C914C7A91F739CCE00AA87B0 /* CAAnimation+YALTabBarViewAnimations.m in Sources */,
				F4973AB31A21DD6D00E2F44E /* ViewController.swift in Sources */,
				C914C7D41F73A90400AA87B0 /* LTCharacterDiffResult.swift in Sources */,
				C914C7E01F73A90400AA87B0 /* LTStringDiffResult.swift in Sources */,
				C914C7D61F73A90400AA87B0 /* LTEasing.swift in Sources */,
				C914C7DF1F73A90400AA87B0 /* LTMorphingLabel.swift in Sources */,
				C914C7D71F73A90400AA87B0 /* LTEmitterView.swift in Sources */,
				F4973AB11A21DD6D00E2F44E /* AppDelegate.swift in Sources */,
				C914C82B1F73DA9A00AA87B0 /* GlitchLabel.swift in Sources */,
				C914C7DE1F73A90400AA87B0 /* LTMorphingLabel+Sparkle.swift in Sources */,
				C914C7691F73896000AA87B0 /* Constraints+.swift in Sources */,
				C914C76E1F73896000AA87B0 /* Spark.swift in Sources */,
				C914C77A1F738A5600AA87B0 /* FavViewController.swift in Sources */,
				C914C7B01F739CCE00AA87B0 /* YALFoldingTabBar.m in Sources */,
				C914C76C1F73896000AA87B0 /* Init.swift in Sources */,
				C914C7D81F73A90400AA87B0 /* LTMorphingEffect.swift in Sources */,
				C914C7AD1F739CCE00AA87B0 /* YALTabBarItem.m in Sources */,
				C914C7DA1F73A90400AA87B0 /* LTMorphingLabel+Burn.swift in Sources */,
				C914C7AA1F739CCE00AA87B0 /* CATransaction+TransactionWithAnimationsAndCompletion.m in Sources */,
				C914C8301F741B6500AA87B0 /* ColorSettings.swift in Sources */,
				C914C75C1F73842600AA87B0 /* SuccesViewController.swift in Sources */,
				C914C75A1F73656D00AA87B0 /* ParseQRCode.swift in Sources */,
				C914C7681F73896000AA87B0 /* FaveIcon.swift in Sources */,
				C914C7D51F73A90400AA87B0 /* LTCharacterLimbo.swift in Sources */,
				C914C76A1F73896000AA87B0 /* Easing.swift in Sources */,
				C914C76B1F73896000AA87B0 /* Geometry.swift in Sources */,
				C914C7AF1F739CCE00AA87B0 /* YALCustomHeightTabBar.m in Sources */,
				C914C7AB1F739CCE00AA87B0 /* YALAnimatingTabBarConstants.m in Sources */,
				C914C76D1F73896000AA87B0 /* Ring.swift in Sources */,
				C914C7DB1F73A90400AA87B0 /* LTMorphingLabel+Evaporate.swift in Sources */,
				C914C7671F73896000AA87B0 /* FaveButton.swift in Sources */,
			);
			runOnlyForDeploymentPostprocessing = 0;
		};
		F4973ABC1A21DD6E00E2F44E /* Sources */ = {
			isa = PBXSourcesBuildPhase;
			buildActionMask = 2147483647;
			files = (
				F4973AC71A21DD6E00E2F44E /* QRReaderDemoTests.swift in Sources */,
			);
			runOnlyForDeploymentPostprocessing = 0;
		};
/* End PBXSourcesBuildPhase section */

/* Begin PBXTargetDependency section */
		F4973AC21A21DD6E00E2F44E /* PBXTargetDependency */ = {
			isa = PBXTargetDependency;
			target = F4973AAA1A21DD6D00E2F44E /* QRReaderDemo */;
			targetProxy = F4973AC11A21DD6E00E2F44E /* PBXContainerItemProxy */;
		};
/* End PBXTargetDependency section */

/* Begin PBXVariantGroup section */
		F4973AB41A21DD6D00E2F44E /* Main.storyboard */ = {
			isa = PBXVariantGroup;
			children = (
				F4973AB51A21DD6D00E2F44E /* Base */,
			);
			name = Main.storyboard;
			sourceTree = "<group>";
		};
		F4973AB91A21DD6D00E2F44E /* LaunchScreen.xib */ = {
			isa = PBXVariantGroup;
			children = (
				F4973ABA1A21DD6D00E2F44E /* Base */,
			);
			name = LaunchScreen.xib;
			sourceTree = "<group>";
		};
/* End PBXVariantGroup section */

/* Begin XCBuildConfiguration section */
		F4973AC81A21DD6E00E2F44E /* Debug */ = {
			isa = XCBuildConfiguration;
			buildSettings = {
				ALWAYS_SEARCH_USER_PATHS = NO;
				CLANG_CXX_LANGUAGE_STANDARD = "gnu++0x";
				CLANG_CXX_LIBRARY = "libc++";
				CLANG_ENABLE_MODULES = YES;
				CLANG_ENABLE_OBJC_ARC = YES;
				CLANG_WARN_BOOL_CONVERSION = YES;
				CLANG_WARN_CONSTANT_CONVERSION = YES;
				CLANG_WARN_DIRECT_OBJC_ISA_USAGE = YES_ERROR;
				CLANG_WARN_EMPTY_BODY = YES;
				CLANG_WARN_ENUM_CONVERSION = YES;
				CLANG_WARN_INT_CONVERSION = YES;
				CLANG_WARN_OBJC_ROOT_CLASS = YES_ERROR;
				CLANG_WARN_UNREACHABLE_CODE = YES;
				CLANG_WARN__DUPLICATE_METHOD_MATCH = YES;
				"CODE_SIGN_IDENTITY[sdk=iphoneos*]" = "iPhone Developer";
				COPY_PHASE_STRIP = NO;
				ENABLE_STRICT_OBJC_MSGSEND = YES;
				ENABLE_TESTABILITY = YES;
				GCC_C_LANGUAGE_STANDARD = gnu99;
				GCC_DYNAMIC_NO_PIC = NO;
				GCC_OPTIMIZATION_LEVEL = 0;
				GCC_PREPROCESSOR_DEFINITIONS = (
					"DEBUG=1",
					"$(inherited)",
				);
				GCC_SYMBOLS_PRIVATE_EXTERN = NO;
				GCC_WARN_64_TO_32_BIT_CONVERSION = YES;
				GCC_WARN_ABOUT_RETURN_TYPE = YES_ERROR;
				GCC_WARN_UNDECLARED_SELECTOR = YES;
				GCC_WARN_UNINITIALIZED_AUTOS = YES_AGGRESSIVE;
				GCC_WARN_UNUSED_FUNCTION = YES;
				GCC_WARN_UNUSED_VARIABLE = YES;
				IPHONEOS_DEPLOYMENT_TARGET = 8.1;
				MTL_ENABLE_DEBUG_INFO = YES;
				ONLY_ACTIVE_ARCH = YES;
				SDKROOT = iphoneos;
				SWIFT_OPTIMIZATION_LEVEL = "-Onone";
			};
			name = Debug;
		};
		F4973AC91A21DD6E00E2F44E /* Release */ = {
			isa = XCBuildConfiguration;
			buildSettings = {
				ALWAYS_SEARCH_USER_PATHS = NO;
				CLANG_CXX_LANGUAGE_STANDARD = "gnu++0x";
				CLANG_CXX_LIBRARY = "libc++";
				CLANG_ENABLE_MODULES = YES;
				CLANG_ENABLE_OBJC_ARC = YES;
				CLANG_WARN_BOOL_CONVERSION = YES;
				CLANG_WARN_CONSTANT_CONVERSION = YES;
				CLANG_WARN_DIRECT_OBJC_ISA_USAGE = YES_ERROR;
				CLANG_WARN_EMPTY_BODY = YES;
				CLANG_WARN_ENUM_CONVERSION = YES;
				CLANG_WARN_INT_CONVERSION = YES;
				CLANG_WARN_OBJC_ROOT_CLASS = YES_ERROR;
				CLANG_WARN_UNREACHABLE_CODE = YES;
				CLANG_WARN__DUPLICATE_METHOD_MATCH = YES;
				"CODE_SIGN_IDENTITY[sdk=iphoneos*]" = "iPhone Developer";
				COPY_PHASE_STRIP = YES;
				ENABLE_NS_ASSERTIONS = NO;
				ENABLE_STRICT_OBJC_MSGSEND = YES;
				GCC_C_LANGUAGE_STANDARD = gnu99;
				GCC_WARN_64_TO_32_BIT_CONVERSION = YES;
				GCC_WARN_ABOUT_RETURN_TYPE = YES_ERROR;
				GCC_WARN_UNDECLARED_SELECTOR = YES;
				GCC_WARN_UNINITIALIZED_AUTOS = YES_AGGRESSIVE;
				GCC_WARN_UNUSED_FUNCTION = YES;
				GCC_WARN_UNUSED_VARIABLE = YES;
				IPHONEOS_DEPLOYMENT_TARGET = 8.1;
				MTL_ENABLE_DEBUG_INFO = NO;
				SDKROOT = iphoneos;
				VALIDATE_PRODUCT = YES;
			};
			name = Release;
		};
		F4973ACB1A21DD6E00E2F44E /* Debug */ = {
			isa = XCBuildConfiguration;
			buildSettings = {
				ASSETCATALOG_COMPILER_APPICON_NAME = AppIcon;
				DEVELOPMENT_TEAM = 5AW47F9A3P;
				FRAMEWORK_SEARCH_PATHS = (
					"$(inherited)",
					"$(PROJECT_DIR)/QRReaderDemoTests",
					"$(PROJECT_DIR)",
				);
				INFOPLIST_FILE = QRReaderDemo/Info.plist;
				LD_RUNPATH_SEARCH_PATHS = "$(inherited) @executable_path/Frameworks";
				PRODUCT_BUNDLE_IDENTIFIER = com.nama.QRReaderDemo;
				PRODUCT_NAME = "$(TARGET_NAME)";
				SWIFT_OBJC_BRIDGING_HEADER = "QRReaderDemo-Bridging-Header.h";
				SWIFT_VERSION = 3.0;
			};
			name = Debug;
		};
		F4973ACC1A21DD6E00E2F44E /* Release */ = {
			isa = XCBuildConfiguration;
			buildSettings = {
				ASSETCATALOG_COMPILER_APPICON_NAME = AppIcon;
				DEVELOPMENT_TEAM = 5AW47F9A3P;
				FRAMEWORK_SEARCH_PATHS = (
					"$(inherited)",
					"$(PROJECT_DIR)/QRReaderDemoTests",
					"$(PROJECT_DIR)",
				);
				INFOPLIST_FILE = QRReaderDemo/Info.plist;
				LD_RUNPATH_SEARCH_PATHS = "$(inherited) @executable_path/Frameworks";
				PRODUCT_BUNDLE_IDENTIFIER = com.nama.QRReaderDemo;
				PRODUCT_NAME = "$(TARGET_NAME)";
				SWIFT_OBJC_BRIDGING_HEADER = "QRReaderDemo-Bridging-Header.h";
				SWIFT_VERSION = 3.0;
			};
			name = Release;
		};
		F4973ACE1A21DD6E00E2F44E /* Debug */ = {
			isa = XCBuildConfiguration;
			buildSettings = {
				BUNDLE_LOADER = "$(TEST_HOST)";
				FRAMEWORK_SEARCH_PATHS = (
					"$(SDKROOT)/Developer/Library/Frameworks",
					"$(inherited)",
					"$(PROJECT_DIR)/QRReaderDemoTests",
				);
				GCC_PREPROCESSOR_DEFINITIONS = (
					"DEBUG=1",
					"$(inherited)",
				);
				INFOPLIST_FILE = QRReaderDemoTests/Info.plist;
				LD_RUNPATH_SEARCH_PATHS = "$(inherited) @executable_path/Frameworks @loader_path/Frameworks";
				PRODUCT_BUNDLE_IDENTIFIER = "com.appcoda.$(PRODUCT_NAME:rfc1034identifier)";
				PRODUCT_NAME = "$(TARGET_NAME)";
				SWIFT_VERSION = 3.0;
				TEST_HOST = "$(BUILT_PRODUCTS_DIR)/QRReaderDemo.app/QRReaderDemo";
			};
			name = Debug;
		};
		F4973ACF1A21DD6E00E2F44E /* Release */ = {
			isa = XCBuildConfiguration;
			buildSettings = {
				BUNDLE_LOADER = "$(TEST_HOST)";
				FRAMEWORK_SEARCH_PATHS = (
					"$(SDKROOT)/Developer/Library/Frameworks",
					"$(inherited)",
					"$(PROJECT_DIR)/QRReaderDemoTests",
				);
				INFOPLIST_FILE = QRReaderDemoTests/Info.plist;
				LD_RUNPATH_SEARCH_PATHS = "$(inherited) @executable_path/Frameworks @loader_path/Frameworks";
				PRODUCT_BUNDLE_IDENTIFIER = "com.appcoda.$(PRODUCT_NAME:rfc1034identifier)";
				PRODUCT_NAME = "$(TARGET_NAME)";
				SWIFT_VERSION = 3.0;
				TEST_HOST = "$(BUILT_PRODUCTS_DIR)/QRReaderDemo.app/QRReaderDemo";
			};
			name = Release;
		};
/* End XCBuildConfiguration section */

/* Begin XCConfigurationList section */
		F4973AA61A21DD6D00E2F44E /* Build configuration list for PBXProject "QRReaderDemo" */ = {
			isa = XCConfigurationList;
			buildConfigurations = (
				F4973AC81A21DD6E00E2F44E /* Debug */,
				F4973AC91A21DD6E00E2F44E /* Release */,
			);
			defaultConfigurationIsVisible = 0;
			defaultConfigurationName = Release;
		};
		F4973ACA1A21DD6E00E2F44E /* Build configuration list for PBXNativeTarget "QRReaderDemo" */ = {
			isa = XCConfigurationList;
			buildConfigurations = (
				F4973ACB1A21DD6E00E2F44E /* Debug */,
				F4973ACC1A21DD6E00E2F44E /* Release */,
			);
			defaultConfigurationIsVisible = 0;
			defaultConfigurationName = Release;
		};
		F4973ACD1A21DD6E00E2F44E /* Build configuration list for PBXNativeTarget "QRReaderDemoTests" */ = {
			isa = XCConfigurationList;
			buildConfigurations = (
				F4973ACE1A21DD6E00E2F44E /* Debug */,
				F4973ACF1A21DD6E00E2F44E /* Release */,
			);
			defaultConfigurationIsVisible = 0;
			defaultConfigurationName = Release;
		};
/* End XCConfigurationList section */
	};
	rootObject = F4973AA31A21DD6D00E2F44E /* Project object */;
}
